
Microsoft Visual Studio Solution File, Format Version 12.00
# Visual Studio Version 16
VisualStudioVersion = 16.0.29306.81
MinimumVisualStudioVersion = 10.0.40219.1
Project("{8BC9CEB8-8B4A-11D0-8D11-00A0C91BC942}") = "CasinhaOpenGL", "CasinhaOpenGL\CasinhaOpenGL.vcxproj", "{E22F840C-4762-4325-9793-6B4BE94B1284}"
EndProject
Global
	GlobalSection(SolutionConfigurationPlatforms) = preSolution
		Debug|x64 = Debug|x64
		Debug|x86 = Debug|x86
		Release|x64 = Release|x64
		Release|x86 = Release|x86
	EndGlobalSection
	GlobalSection(ProjectConfigurationPlatforms) = postSolution
		{E22F840C-4762-4325-9793-6B4BE94B1284}.Debug|x64.ActiveCfg = Debug|x64
		{E22F840C-4762-4325-9793-6B4BE94B1284}.Debug|x64.Build.0 = Debug|x64
		{E22F840C-4762-4325-9793-6B4BE94B1284}.Debug|x86.ActiveCfg = Debug|Win32
		{E22F840C-4762-4325-9793-6B4BE94B1284}.Debug|x86.Build.0 = Debug|Win32
		{E22F840C-4762-4325-9793-6B4BE94B1284}.Release|x64.ActiveCfg = Release|x64
		{E22F840C-4762-4325-9793-6B4BE94B1284}.Release|x64.Build.0 = Release|x64
		{E22F840C-4762-4325-9793-6B4BE94B1284}.Release|x86.ActiveCfg = Release|Win32
		{E22F840C-4762-4325-9793-6B4BE94B1284}.Release|x86.Build.0 = Release|Win32
	EndGlobalSection
	GlobalSection(SolutionProperties) = preSolution
		HideSolutionNode = FALSE
	EndGlobalSection
	GlobalSection(ExtensibilityGlobals) = postSolution
		SolutionGuid = {844C7F16-337B-47BE-BAC1-85812C0F1117}
	EndGlobalSection
EndGlobal
